// !$*UTF8*$!
{
	archiveVersion = 1;
	classes = {
	};
	objectVersion = 56;
	objects = {

/* Begin PBXBuildFile section */
		9B81D395293328830019F07C /* AppDelegate.swift in Sources */ = {isa = PBXBuildFile; fileRef = 9B81D394293328830019F07C /* AppDelegate.swift */; };
		9B81D397293328830019F07C /* SceneDelegate.swift in Sources */ = {isa = PBXBuildFile; fileRef = 9B81D396293328830019F07C /* SceneDelegate.swift */; };
		9B81D399293328830019F07C /* ViewController.swift in Sources */ = {isa = PBXBuildFile; fileRef = 9B81D398293328830019F07C /* ViewController.swift */; };
		9B81D39C293328830019F07C /* Main.storyboard in Resources */ = {isa = PBXBuildFile; fileRef = 9B81D39A293328830019F07C /* Main.storyboard */; };
		9B81D39E293328840019F07C /* Assets.xcassets in Resources */ = {isa = PBXBuildFile; fileRef = 9B81D39D293328840019F07C /* Assets.xcassets */; };
		9B81D3A1293328840019F07C /* LaunchScreen.storyboard in Resources */ = {isa = PBXBuildFile; fileRef = 9B81D39F293328840019F07C /* LaunchScreen.storyboard */; };
		9B81D3A929332AA50019F07C /* loud_bang.mp3 in Resources */ = {isa = PBXBuildFile; fileRef = 9B81D3A829332AA50019F07C /* loud_bang.mp3 */; };
		9B81D3AC29332ABC0019F07C /* AVFoundation.framework in Frameworks */ = {isa = PBXBuildFile; fileRef = 9B81D3AB29332ABC0019F07C /* AVFoundation.framework */; };
		9B81D3AE29332AC40019F07C /* MessageUI.framework in Frameworks */ = {isa = PBXBuildFile; fileRef = 9B81D3AD29332AC40019F07C /* MessageUI.framework */; };
		9B81D3B029332ACB0019F07C /* Messages.framework in Frameworks */ = {isa = PBXBuildFile; fileRef = 9B81D3AF29332ACB0019F07C /* Messages.framework */; };
		9B81D3B229332AD70019F07C /* CoreMotion.framework in Frameworks */ = {isa = PBXBuildFile; fileRef = 9B81D3B129332AD60019F07C /* CoreMotion.framework */; };
/* End PBXBuildFile section */

/* Begin PBXFileReference section */
		9B81D391293328830019F07C /* Practica2.app */ = {isa = PBXFileReference; explicitFileType = wrapper.application; includeInIndex = 0; path = Practica2.app; sourceTree = BUILT_PRODUCTS_DIR; };
		9B81D394293328830019F07C /* AppDelegate.swift */ = {isa = PBXFileReference; lastKnownFileType = sourcecode.swift; path = AppDelegate.swift; sourceTree = "<group>"; };
		9B81D396293328830019F07C /* SceneDelegate.swift */ = {isa = PBXFileReference; lastKnownFileType = sourcecode.swift; path = SceneDelegate.swift; sourceTree = "<group>"; };
		9B81D398293328830019F07C /* ViewController.swift */ = {isa = PBXFileReference; lastKnownFileType = sourcecode.swift; path = ViewController.swift; sourceTree = "<group>"; };
		9B81D39B293328830019F07C /* Base */ = {isa = PBXFileReference; lastKnownFileType = file.storyboard; name = Base; path = Base.lproj/Main.storyboard; sourceTree = "<group>"; };
		9B81D39D293328840019F07C /* Assets.xcassets */ = {isa = PBXFileReference; lastKnownFileType = folder.assetcatalog; path = Assets.xcassets; sourceTree = "<group>"; };
		9B81D3A0293328840019F07C /* Base */ = {isa = PBXFileReference; lastKnownFileType = file.storyboard; name = Base; path = Base.lproj/LaunchScreen.storyboard; sourceTree = "<group>"; };
		9B81D3A2293328840019F07C /* Info.plist */ = {isa = PBXFileReference; lastKnownFileType = text.plist.xml; path = Info.plist; sourceTree = "<group>"; };
		9B81D3A829332AA50019F07C /* loud_bang.mp3 */ = {isa = PBXFileReference; lastKnownFileType = audio.mp3; path = loud_bang.mp3; sourceTree = "<group>"; };
		9B81D3AB29332ABC0019F07C /* AVFoundation.framework */ = {isa = PBXFileReference; lastKnownFileType = wrapper.framework; name = AVFoundation.framework; path = System/Library/Frameworks/AVFoundation.framework; sourceTree = SDKROOT; };
		9B81D3AD29332AC40019F07C /* MessageUI.framework */ = {isa = PBXFileReference; lastKnownFileType = wrapper.framework; name = MessageUI.framework; path = System/Library/Frameworks/MessageUI.framework; sourceTree = SDKROOT; };
		9B81D3AF29332ACB0019F07C /* Messages.framework */ = {isa = PBXFileReference; lastKnownFileType = wrapper.framework; name = Messages.framework; path = System/Library/Frameworks/Messages.framework; sourceTree = SDKROOT; };
		9B81D3B129332AD60019F07C /* CoreMotion.framework */ = {isa = PBXFileReference; lastKnownFileType = wrapper.framework; name = CoreMotion.framework; path = System/Library/Frameworks/CoreMotion.framework; sourceTree = SDKROOT; };
/* End PBXFileReference section */

/* Begin PBXFrameworksBuildPhase section */
		9B81D38E293328830019F07C /* Frameworks */ = {
			isa = PBXFrameworksBuildPhase;
			buildActionMask = 2147483647;
			files = (
				9B81D3AE29332AC40019F07C /* MessageUI.framework in Frameworks */,
				9B81D3AC29332ABC0019F07C /* AVFoundation.framework in Frameworks */,
				9B81D3B029332ACB0019F07C /* Messages.framework in Frameworks */,
				9B81D3B229332AD70019F07C /* CoreMotion.framework in Frameworks */,
			);
			runOnlyForDeploymentPostprocessing = 0;
		};
/* End PBXFrameworksBuildPhase section */

/* Begin PBXGroup section */
		9B81D388293328830019F07C = {
			isa = PBXGroup;
			children = (
				9B81D393293328830019F07C /* Practica2 */,
				9B81D392293328830019F07C /* Products */,
				9B81D3AA29332ABB0019F07C /* Frameworks */,
			);
			sourceTree = "<group>";
		};
		9B81D392293328830019F07C /* Products */ = {
			isa = PBXGroup;
			children = (
				9B81D391293328830019F07C /* Practica2.app */,
			);
			name = Products;
			sourceTree = "<group>";
		};
		9B81D393293328830019F07C /* Practica2 */ = {
			isa = PBXGroup;
			children = (
				9B81D3A829332AA50019F07C /* loud_bang.mp3 */,
				9B81D394293328830019F07C /* AppDelegate.swift */,
				9B81D396293328830019F07C /* SceneDelegate.swift */,
				9B81D398293328830019F07C /* ViewController.swift */,
				9B81D39A293328830019F07C /* Main.storyboard */,
				9B81D39D293328840019F07C /* Assets.xcassets */,
				9B81D39F293328840019F07C /* LaunchScreen.storyboard */,
				9B81D3A2293328840019F07C /* Info.plist */,
			);
			path = Practica2;
			sourceTree = "<group>";
		};
		9B81D3AA29332ABB0019F07C /* Frameworks */ = {
			isa = PBXGroup;
			children = (
				9B81D3B129332AD60019F07C /* CoreMotion.framework */,
				9B81D3AF29332ACB0019F07C /* Messages.framework */,
				9B81D3AD29332AC40019F07C /* MessageUI.framework */,
				9B81D3AB29332ABC0019F07C /* AVFoundation.framework */,
			);
			name = Frameworks;
			sourceTree = "<group>";
		};
/* End PBXGroup section */

/* Begin PBXNativeTarget section */
		9B81D390293328830019F07C /* Practica2 */ = {
			isa = PBXNativeTarget;
			buildConfigurationList = 9B81D3A5293328840019F07C /* Build configuration list for PBXNativeTarget "Practica2" */;
			buildPhases = (
				9B81D38D293328830019F07C /* Sources */,
				9B81D38E293328830019F07C /* Frameworks */,
				9B81D38F293328830019F07C /* Resources */,
			);
			buildRules = (
			);
			dependencies = (
			);
			name = Practica2;
			productName = Practica2;
			productReference = 9B81D391293328830019F07C /* Practica2.app */;
			productType = "com.apple.product-type.application";
		};
/* End PBXNativeTarget section */

/* Begin PBXProject section */
		9B81D389293328830019F07C /* Project object */ = {
			isa = PBXProject;
			attributes = {
				BuildIndependentTargetsInParallel = 1;
				LastSwiftUpdateCheck = 1400;
				LastUpgradeCheck = 1400;
				TargetAttributes = {
					9B81D390293328830019F07C = {
						CreatedOnToolsVersion = 14.0;
					};
				};
			};
			buildConfigurationList = 9B81D38C293328830019F07C /* Build configuration list for PBXProject "Practica2" */;
			compatibilityVersion = "Xcode 14.0";
			developmentRegion = en;
			hasScannedForEncodings = 0;
			knownRegions = (
				en,
				Base,
			);
			mainGroup = 9B81D388293328830019F07C;
			productRefGroup = 9B81D392293328830019F07C /* Products */;
			projectDirPath = "";
			projectRoot = "";
			targets = (
				9B81D390293328830019F07C /* Practica2 */,
			);
		};
/* End PBXProject section */

/* Begin PBXResourcesBuildPhase section */
		9B81D38F293328830019F07C /* Resources */ = {
			isa = PBXResourcesBuildPhase;
			buildActionMask = 2147483647;
			files = (
				9B81D3A1293328840019F07C /* LaunchScreen.storyboard in Resources */,
				9B81D39E293328840019F07C /* Assets.xcassets in Resources */,
				9B81D3A929332AA50019F07C /* loud_bang.mp3 in Resources */,
				9B81D39C293328830019F07C /* Main.storyboard in Resources */,
			);
			runOnlyForDeploymentPostprocessing = 0;
		};
/* End PBXResourcesBuildPhase section */

/* Begin PBXSourcesBuildPhase section */
		9B81D38D293328830019F07C /* Sources */ = {
			isa = PBXSourcesBuildPhase;
			buildActionMask = 2147483647;
			files = (
				9B81D399293328830019F07C /* ViewController.swift in Sources */,
				9B81D395293328830019F07C /* AppDelegate.swift in Sources */,
				9B81D397293328830019F07C /* SceneDelegate.swift in Sources */,
			);
			runOnlyForDeploymentPostprocessing = 0;
		};
/* End PBXSourcesBuildPhase section */

/* Begin PBXVariantGroup section */
		9B81D39A293328830019F07C /* Main.storyboard */ = {
			isa = PBXVariantGroup;
			children = (
				9B81D39B293328830019F07C /* Base */,
			);
			name = Main.storyboard;
			sourceTree = "<group>";
		};
		9B81D39F293328840019F07C /* LaunchScreen.storyboard */ = {
			isa = PBXVariantGroup;
			children = (
				9B81D3A0293328840019F07C /* Base */,
			);
			name = LaunchScreen.storyboard;
			sourceTree = "<group>";
		};
/* End PBXVariantGroup section */

/* Begin XCBuildConfiguration section */
		9B81D3A3293328840019F07C /* Debug */ = {
			isa = XCBuildConfiguration;
			buildSettings = {
				ALWAYS_SEARCH_USER_PATHS = NO;
				CLANG_ANALYZER_NONNULL = YES;
				CLANG_ANALYZER_NUMBER_OBJECT_CONVERSION = YES_AGGRESSIVE;
				CLANG_CXX_LANGUAGE_STANDARD = "gnu++20";
				CLANG_ENABLE_MODULES = YES;
				CLANG_ENABLE_OBJC_ARC = YES;
				CLANG_ENABLE_OBJC_WEAK = YES;
				CLANG_WARN_BLOCK_CAPTURE_AUTORELEASING = YES;
				CLANG_WARN_BOOL_CONVERSION = YES;
				CLANG_WARN_COMMA = YES;
				CLANG_WARN_CONSTANT_CONVERSION = YES;
				CLANG_WARN_DEPRECATED_OBJC_IMPLEMENTATIONS = YES;
				CLANG_WARN_DIRECT_OBJC_ISA_USAGE = YES_ERROR;
				CLANG_WARN_DOCUMENTATION_COMMENTS = YES;
				CLANG_WARN_EMPTY_BODY = YES;
				CLANG_WARN_ENUM_CONVERSION = YES;
				CLANG_WARN_INFINITE_RECURSION = YES;
				CLANG_WARN_INT_CONVERSION = YES;
				CLANG_WARN_NON_LITERAL_NULL_CONVERSION = YES;
				CLANG_WARN_OBJC_IMPLICIT_RETAIN_SELF = YES;
				CLANG_WARN_OBJC_LITERAL_CONVERSION = YES;
				CLANG_WARN_OBJC_ROOT_CLASS = YES_ERROR;
				CLANG_WARN_QUOTED_INCLUDE_IN_FRAMEWORK_HEADER = YES;
				CLANG_WARN_RANGE_LOOP_ANALYSIS = YES;
				CLANG_WARN_STRICT_PROTOTYPES = YES;
				CLANG_WARN_SUSPICIOUS_MOVE = YES;
				CLANG_WARN_UNGUARDED_AVAILABILITY = YES_AGGRESSIVE;
				CLANG_WARN_UNREACHABLE_CODE = YES;
				CLANG_WARN__DUPLICATE_METHOD_MATCH = YES;
				COPY_PHASE_STRIP = NO;
				DEBUG_INFORMATION_FORMAT = dwarf;
				ENABLE_STRICT_OBJC_MSGSEND = YES;
				ENABLE_TESTABILITY = YES;
				GCC_C_LANGUAGE_STANDARD = gnu11;
				GCC_DYNAMIC_NO_PIC = NO;
				GCC_NO_COMMON_BLOCKS = YES;
				GCC_OPTIMIZATION_LEVEL = 0;
				GCC_PREPROCESSOR_DEFINITIONS = (
					"DEBUG=1",
					"$(inherited)",
				);
				GCC_WARN_64_TO_32_BIT_CONVERSION = YES;
				GCC_WARN_ABOUT_RETURN_TYPE = YES_ERROR;
				GCC_WARN_UNDECLARED_SELECTOR = YES;
				GCC_WARN_UNINITIALIZED_AUTOS = YES_AGGRESSIVE;
				GCC_WARN_UNUSED_FUNCTION = YES;
				GCC_WARN_UNUSED_VARIABLE = YES;
				IPHONEOS_DEPLOYMENT_TARGET = 16.0;
				MTL_ENABLE_DEBUG_INFO = INCLUDE_SOURCE;
				MTL_FAST_MATH = YES;
				ONLY_ACTIVE_ARCH = YES;
				SDKROOT = iphoneos;
				SWIFT_ACTIVE_COMPILATION_CONDITIONS = DEBUG;
				SWIFT_OPTIMIZATION_LEVEL = "-Onone";
			};
			name = Debug;
		};
		9B81D3A4293328840019F07C /* Release */ = {
			isa = XCBuildConfiguration;
			buildSettings = {
				ALWAYS_SEARCH_USER_PATHS = NO;
				CLANG_ANALYZER_NONNULL = YES;
				CLANG_ANALYZER_NUMBER_OBJECT_CONVERSION = YES_AGGRESSIVE;
				CLANG_CXX_LANGUAGE_STANDARD = "gnu++20";
				CLANG_ENABLE_MODULES = YES;
				CLANG_ENABLE_OBJC_ARC = YES;
				CLANG_ENABLE_OBJC_WEAK = YES;
				CLANG_WARN_BLOCK_CAPTURE_AUTORELEASING = YES;
				CLANG_WARN_BOOL_CONVERSION = YES;
				CLANG_WARN_COMMA = YES;
				CLANG_WARN_CONSTANT_CONVERSION = YES;
				CLANG_WARN_DEPRECATED_OBJC_IMPLEMENTATIONS = YES;
				CLANG_WARN_DIRECT_OBJC_ISA_USAGE = YES_ERROR;
				CLANG_WARN_DOCUMENTATION_COMMENTS = YES;
				CLANG_WARN_EMPTY_BODY = YES;
				CLANG_WARN_ENUM_CONVERSION = YES;
				CLANG_WARN_INFINITE_RECURSION = YES;
				CLANG_WARN_INT_CONVERSION = YES;
				CLANG_WARN_NON_LITERAL_NULL_CONVERSION = YES;
				CLANG_WARN_OBJC_IMPLICIT_RETAIN_SELF = YES;
				CLANG_WARN_OBJC_LITERAL_CONVERSION = YES;
				CLANG_WARN_OBJC_ROOT_CLASS = YES_ERROR;
				CLANG_WARN_QUOTED_INCLUDE_IN_FRAMEWORK_HEADER = YES;
				CLANG_WARN_RANGE_LOOP_ANALYSIS = YES;
				CLANG_WARN_STRICT_PROTOTYPES = YES;
				CLANG_WARN_SUSPICIOUS_MOVE = YES;
				CLANG_WARN_UNGUARDED_AVAILABILITY = YES_AGGRESSIVE;
				CLANG_WARN_UNREACHABLE_CODE = YES;
				CLANG_WARN__DUPLICATE_METHOD_MATCH = YES;
				COPY_PHASE_STRIP = NO;
				DEBUG_INFORMATION_FORMAT = "dwarf-with-dsym";
				ENABLE_NS_ASSERTIONS = NO;
				ENABLE_STRICT_OBJC_MSGSEND = YES;
				GCC_C_LANGUAGE_STANDARD = gnu11;
				GCC_NO_COMMON_BLOCKS = YES;
				GCC_WARN_64_TO_32_BIT_CONVERSION = YES;
				GCC_WARN_ABOUT_RETURN_TYPE = YES_ERROR;
				GCC_WARN_UNDECLARED_SELECTOR = YES;
				GCC_WARN_UNINITIALIZED_AUTOS = YES_AGGRESSIVE;
				GCC_WARN_UNUSED_FUNCTION = YES;
				GCC_WARN_UNUSED_VARIABLE = YES;
				IPHONEOS_DEPLOYMENT_TARGET = 16.0;
				MTL_ENABLE_DEBUG_INFO = NO;
				MTL_FAST_MATH = YES;
				SDKROOT = iphoneos;
				SWIFT_COMPILATION_MODE = wholemodule;
				SWIFT_OPTIMIZATION_LEVEL = "-O";
				VALIDATE_PRODUCT = YES;
			};
			name = Release;
		};
		9B81D3A6293328840019F07C /* Debug */ = {
			isa = XCBuildConfiguration;
			buildSettings = {
				ASSETCATALOG_COMPILER_APPICON_NAME = AppIcon;
				ASSETCATALOG_COMPILER_GLOBAL_ACCENT_COLOR_NAME = AccentColor;
				CODE_SIGN_STYLE = Automatic;
				CURRENT_PROJECT_VERSION = 1;
				DEVELOPMENT_TEAM = WC7W4GH5AD;
				GENERATE_INFOPLIST_FILE = YES;
				INFOPLIST_FILE = Practica2/Info.plist;
				INFOPLIST_KEY_UIApplicationSupportsIndirectInputEvents = YES;
				INFOPLIST_KEY_UILaunchStoryboardName = LaunchScreen;
				INFOPLIST_KEY_UIMainStoryboardFile = Main;
				INFOPLIST_KEY_UISupportedInterfaceOrientations_iPad = "UIInterfaceOrientationPortrait UIInterfaceOrientationPortraitUpsideDown UIInterfaceOrientationLandscapeLeft UIInterfaceOrientationLandscapeRight";
				INFOPLIST_KEY_UISupportedInterfaceOrientations_iPhone = "UIInterfaceOrientationPortrait UIInterfaceOrientationLandscapeLeft UIInterfaceOrientationLandscapeRight";
				LD_RUNPATH_SEARCH_PATHS = (
					"$(inherited)",
					"@executable_path/Frameworks",
				);
				MARKETING_VERSION = 1.0;
				PRODUCT_BUNDLE_IDENTIFIER = hernandez.kevin.Practica2;
				PRODUCT_NAME = "$(TARGET_NAME)";
				SWIFT_EMIT_LOC_STRINGS = YES;
				SWIFT_VERSION = 5.0;
				TARGETED_DEVICE_FAMILY = "1,2";
			};
			name = Debug;
		};
		9B81D3A7293328840019F07C /* Release */ = {
			isa = XCBuildConfiguration;
			buildSettings = {
				ASSETCATALOG_COMPILER_APPICON_NAME = AppIcon;
				ASSETCATALOG_COMPILER_GLOBAL_ACCENT_COLOR_NAME = AccentColor;
				CODE_SIGN_STYLE = Automatic;
				CURRENT_PROJECT_VERSION = 1;
				DEVELOPMENT_TEAM = WC7W4GH5AD;
				GENERATE_INFOPLIST_FILE = YES;
				INFOPLIST_FILE = Practica2/Info.plist;
				INFOPLIST_KEY_UIApplicationSupportsIndirectInputEvents = YES;
				INFOPLIST_KEY_UILaunchStoryboardName = LaunchScreen;
				INFOPLIST_KEY_UIMainStoryboardFile = Main;
				INFOPLIST_KEY_UISupportedInterfaceOrientations_iPad = "UIInterfaceOrientationPortrait UIInterfaceOrientationPortraitUpsideDown UIInterfaceOrientationLandscapeLeft UIInterfaceOrientationLandscapeRight";
				INFOPLIST_KEY_UISupportedInterfaceOrientations_iPhone = "UIInterfaceOrientationPortrait UIInterfaceOrientationLandscapeLeft UIInterfaceOrientationLandscapeRight";
				LD_RUNPATH_SEARCH_PATHS = (
					"$(inherited)",
					"@executable_path/Frameworks",
				);
				MARKETING_VERSION = 1.0;
				PRODUCT_BUNDLE_IDENTIFIER = hernandez.kevin.Practica2;
				PRODUCT_NAME = "$(TARGET_NAME)";
				SWIFT_EMIT_LOC_STRINGS = YES;
				SWIFT_VERSION = 5.0;
				TARGETED_DEVICE_FAMILY = "1,2";
			};
			name = Release;
		};
/* End XCBuildConfiguration section */

/* Begin XCConfigurationList section */
		9B81D38C293328830019F07C /* Build configuration list for PBXProject "Practica2" */ = {
			isa = XCConfigurationList;
			buildConfigurations = (
				9B81D3A3293328840019F07C /* Debug */,
				9B81D3A4293328840019F07C /* Release */,
			);
			defaultConfigurationIsVisible = 0;
			defaultConfigurationName = Release;
		};
		9B81D3A5293328840019F07C /* Build configuration list for PBXNativeTarget "Practica2" */ = {
			isa = XCConfigurationList;
			buildConfigurations = (
				9B81D3A6293328840019F07C /* Debug */,
				9B81D3A7293328840019F07C /* Release */,
			);
			defaultConfigurationIsVisible = 0;
			defaultConfigurationName = Release;
		};
/* End XCConfigurationList section */
	};
	rootObject = 9B81D389293328830019F07C /* Project object */;
}
